
Microsoft Visual Studio Solution File, Format Version 12.00
# Visual Studio Version 16
VisualStudioVersion = 16.0.31729.503
MinimumVisualStudioVersion = 10.0.40219.1
Project("{FAE04EC0-301F-11D3-BF4B-00C04F79EFBC}") = "Inheritance Exercise - Employee", "Inheritance Exercise - Employee\Inheritance Exercise - Employee.csproj", "{1DECA9D9-4A49-467A-9FE5-664A3C33E4FA}"
EndProject
Project("{FAE04EC0-301F-11D3-BF4B-00C04F79EFBC}") = "EmployeeInheritanceForm", "EmployeeInheritanceForm\EmployeeInheritanceForm.csproj", "{CA6A5BEF-4C2C-45EB-8AAB-D068811F62D4}"
EndProject
Global
	GlobalSection(SolutionConfigurationPlatforms) = preSolution
		Debug|Any CPU = Debug|Any CPU
		Release|Any CPU = Release|Any CPU
	EndGlobalSection
	GlobalSection(ProjectConfigurationPlatforms) = postSolution
		{1DECA9D9-4A49-467A-9FE5-664A3C33E4FA}.Debug|Any CPU.ActiveCfg = Debug|Any CPU
		{1DECA9D9-4A49-467A-9FE5-664A3C33E4FA}.Debug|Any CPU.Build.0 = Debug|Any CPU
		{1DECA9D9-4A49-467A-9FE5-664A3C33E4FA}.Release|Any CPU.ActiveCfg = Release|Any CPU
		{1DECA9D9-4A49-467A-9FE5-664A3C33E4FA}.Release|Any CPU.Build.0 = Release|Any CPU
		{CA6A5BEF-4C2C-45EB-8AAB-D068811F62D4}.Debug|Any CPU.ActiveCfg = Debug|Any CPU
		{CA6A5BEF-4C2C-45EB-8AAB-D068811F62D4}.Debug|Any CPU.Build.0 = Debug|Any CPU
		{CA6A5BEF-4C2C-45EB-8AAB-D068811F62D4}.Release|Any CPU.ActiveCfg = Release|Any CPU
		{CA6A5BEF-4C2C-45EB-8AAB-D068811F62D4}.Release|Any CPU.Build.0 = Release|Any CPU
	EndGlobalSection
	GlobalSection(SolutionProperties) = preSolution
		HideSolutionNode = FALSE
	EndGlobalSection
	GlobalSection(ExtensibilityGlobals) = postSolution
		SolutionGuid = {7952991C-2241-44B6-BBC7-13DD870BF9F3}
	EndGlobalSection
EndGlobal
